
Microsoft Visual Studio Solution File, Format Version 12.00
# Visual Studio Version 17
VisualStudioVersion = 17.11.35303.130
MinimumVisualStudioVersion = 10.0.40219.1
Project("{9A19103F-16F7-4668-BE54-9A1E7A4F7556}") = "ProjectManagementSystem", "ProjectManagementSystem\ProjectManagementSystem.csproj", "{03EFDF36-B6A4-4904-A0D5-874E7CFDE346}"
EndProject
Project("{FAE04EC0-301F-11D3-BF4B-00C04F79EFBC}") = "Models", "Models\Models.csproj", "{756CE493-5B39-4743-84CD-30897E4321AD}"
EndProject
Project("{FAE04EC0-301F-11D3-BF4B-00C04F79EFBC}") = "DataAccess", "DataAccess\DataAccess.csproj", "{B75C5C0F-6A6E-457D-B345-266E21168EBE}"
EndProject
Project("{FAE04EC0-301F-11D3-BF4B-00C04F79EFBC}") = "Utility", "Utility\Utility.csproj", "{7729CD5C-AC72-482A-8B18-8A0B2FAF3B2F}"
EndProject
Global
	GlobalSection(SolutionConfigurationPlatforms) = preSolution
		Debug|Any CPU = Debug|Any CPU
		Release|Any CPU = Release|Any CPU
	EndGlobalSection
	GlobalSection(ProjectConfigurationPlatforms) = postSolution
		{03EFDF36-B6A4-4904-A0D5-874E7CFDE346}.Debug|Any CPU.ActiveCfg = Debug|Any CPU
		{03EFDF36-B6A4-4904-A0D5-874E7CFDE346}.Debug|Any CPU.Build.0 = Debug|Any CPU
		{03EFDF36-B6A4-4904-A0D5-874E7CFDE346}.Release|Any CPU.ActiveCfg = Release|Any CPU
		{03EFDF36-B6A4-4904-A0D5-874E7CFDE346}.Release|Any CPU.Build.0 = Release|Any CPU
		{756CE493-5B39-4743-84CD-30897E4321AD}.Debug|Any CPU.ActiveCfg = Debug|Any CPU
		{756CE493-5B39-4743-84CD-30897E4321AD}.Debug|Any CPU.Build.0 = Debug|Any CPU
		{756CE493-5B39-4743-84CD-30897E4321AD}.Release|Any CPU.ActiveCfg = Release|Any CPU
		{756CE493-5B39-4743-84CD-30897E4321AD}.Release|Any CPU.Build.0 = Release|Any CPU
		{B75C5C0F-6A6E-457D-B345-266E21168EBE}.Debug|Any CPU.ActiveCfg = Debug|Any CPU
		{B75C5C0F-6A6E-457D-B345-266E21168EBE}.Debug|Any CPU.Build.0 = Debug|Any CPU
		{B75C5C0F-6A6E-457D-B345-266E21168EBE}.Release|Any CPU.ActiveCfg = Release|Any CPU
		{B75C5C0F-6A6E-457D-B345-266E21168EBE}.Release|Any CPU.Build.0 = Release|Any CPU
		{7729CD5C-AC72-482A-8B18-8A0B2FAF3B2F}.Debug|Any CPU.ActiveCfg = Debug|Any CPU
		{7729CD5C-AC72-482A-8B18-8A0B2FAF3B2F}.Debug|Any CPU.Build.0 = Debug|Any CPU
		{7729CD5C-AC72-482A-8B18-8A0B2FAF3B2F}.Release|Any CPU.ActiveCfg = Release|Any CPU
		{7729CD5C-AC72-482A-8B18-8A0B2FAF3B2F}.Release|Any CPU.Build.0 = Release|Any CPU
	EndGlobalSection
	GlobalSection(SolutionProperties) = preSolution
		HideSolutionNode = FALSE
	EndGlobalSection
	GlobalSection(ExtensibilityGlobals) = postSolution
		SolutionGuid = {D398E6BB-35DE-4E43-8BA5-2097EAC1A845}
	EndGlobalSection
EndGlobal
